
Microsoft Visual Studio Solution File, Format Version 12.00
# Visual Studio Version 16
VisualStudioVersion = 16.0.33130.400
MinimumVisualStudioVersion = 10.0.40219.1
Project("{FAE04EC0-301F-11D3-BF4B-00C04F79EFBC}") = "HexChessServer", "HexChessServer.csproj", "{452A3D1A-AFDA-4F65-8F2C-58A85CBDBA5A}"
EndProject
Global
	GlobalSection(SolutionConfigurationPlatforms) = preSolution
		Debug|Any CPU = Debug|Any CPU
		Release|Any CPU = Release|Any CPU
	EndGlobalSection
	GlobalSection(ProjectConfigurationPlatforms) = postSolution
		{452A3D1A-AFDA-4F65-8F2C-58A85CBDBA5A}.Debug|Any CPU.ActiveCfg = Debug|Any CPU
		{452A3D1A-AFDA-4F65-8F2C-58A85CBDBA5A}.Debug|Any CPU.Build.0 = Debug|Any CPU
		{452A3D1A-AFDA-4F65-8F2C-58A85CBDBA5A}.Release|Any CPU.ActiveCfg = Release|Any CPU
		{452A3D1A-AFDA-4F65-8F2C-58A85CBDBA5A}.Release|Any CPU.Build.0 = Release|Any CPU
	EndGlobalSection
	GlobalSection(SolutionProperties) = preSolution
		HideSolutionNode = FALSE
	EndGlobalSection
	GlobalSection(ExtensibilityGlobals) = postSolution
		SolutionGuid = {AAA9AC97-846C-45DB-938D-CCCFAA4478F7}
	EndGlobalSection
EndGlobal
